
Microsoft Visual Studio Solution File, Format Version 12.00
# Visual Studio Version 17
VisualStudioVersion = 17.2.32505.173
MinimumVisualStudioVersion = 10.0.40219.1
Project("{9A19103F-16F7-4668-BE54-9A1E7A4F7556}") = "online internet banking", "online internet banking\online internet banking.csproj", "{D1D9F701-C115-44BD-B85B-32DAF5CA7C91}"
EndProject
Project("{2150E333-8FDC-42A3-9474-1A3956D46DE8}") = "Solution Items", "Solution Items", "{EB062F85-55B5-4763-810A-79E372ECAC4E}"
	ProjectSection(SolutionItems) = preProject
		.editorconfig = .editorconfig
	EndProjectSection
EndProject
Global
	GlobalSection(SolutionConfigurationPlatforms) = preSolution
		Debug|Any CPU = Debug|Any CPU
		Release|Any CPU = Release|Any CPU
	EndGlobalSection
	GlobalSection(ProjectConfigurationPlatforms) = postSolution
		{D1D9F701-C115-44BD-B85B-32DAF5CA7C91}.Debug|Any CPU.ActiveCfg = Debug|Any CPU
		{D1D9F701-C115-44BD-B85B-32DAF5CA7C91}.Debug|Any CPU.Build.0 = Debug|Any CPU
		{D1D9F701-C115-44BD-B85B-32DAF5CA7C91}.Release|Any CPU.ActiveCfg = Release|Any CPU
		{D1D9F701-C115-44BD-B85B-32DAF5CA7C91}.Release|Any CPU.Build.0 = Release|Any CPU
	EndGlobalSection
	GlobalSection(SolutionProperties) = preSolution
		HideSolutionNode = FALSE
	EndGlobalSection
	GlobalSection(ExtensibilityGlobals) = postSolution
		SolutionGuid = {A9700011-E04F-4FE4-94B2-51A093C23397}
	EndGlobalSection
EndGlobal
